// !$*UTF8*$!
{
	archiveVersion = 1;
	classes = {
	};
	objectVersion = 46;
	objects = {

/* Begin PBXBuildFile section */
		5A2945BA168532EC00B23A22 /* UIKit.framework in Frameworks */ = {isa = PBXBuildFile; fileRef = 5A2945B9168532EC00B23A22 /* UIKit.framework */; };
		5A2945BC168532EC00B23A22 /* Foundation.framework in Frameworks */ = {isa = PBXBuildFile; fileRef = 5A2945BB168532EC00B23A22 /* Foundation.framework */; };
		5A2945BE168532EC00B23A22 /* CoreGraphics.framework in Frameworks */ = {isa = PBXBuildFile; fileRef = 5A2945BD168532EC00B23A22 /* CoreGraphics.framework */; };
		5A2945C4168532EC00B23A22 /* InfoPlist.strings in Resources */ = {isa = PBXBuildFile; fileRef = 5A2945C2168532EC00B23A22 /* InfoPlist.strings */; };
		5A2945C6168532EC00B23A22 /* main.m in Sources */ = {isa = PBXBuildFile; fileRef = 5A2945C5168532EC00B23A22 /* main.m */; };
		5A2945CA168532EC00B23A22 /* TUPAppDelegate.m in Sources */ = {isa = PBXBuildFile; fileRef = 5A2945C9168532EC00B23A22 /* TUPAppDelegate.m */; };
		5A2945CC168532EC00B23A22 /* Default.png in Resources */ = {isa = PBXBuildFile; fileRef = 5A2945CB168532EC00B23A22 /* Default.png */; };
		5A2945CE168532EC00B23A22 /* Default@2x.png in Resources */ = {isa = PBXBuildFile; fileRef = 5A2945CD168532EC00B23A22 /* Default@2x.png */; };
		5A2945D0168532EC00B23A22 /* Default-568h@2x.png in Resources */ = {isa = PBXBuildFile; fileRef = 5A2945CF168532EC00B23A22 /* Default-568h@2x.png */; };
		5A2945D3168532EC00B23A22 /* MainStoryboard_iPhone.storyboard in Resources */ = {isa = PBXBuildFile; fileRef = 5A2945D1168532EC00B23A22 /* MainStoryboard_iPhone.storyboard */; };
		5A2945D6168532EC00B23A22 /* MainStoryboard_iPad.storyboard in Resources */ = {isa = PBXBuildFile; fileRef = 5A2945D4168532EC00B23A22 /* MainStoryboard_iPad.storyboard */; };
		5A2945D9168532EC00B23A22 /* TUPViewController.m in Sources */ = {isa = PBXBuildFile; fileRef = 5A2945D8168532EC00B23A22 /* TUPViewController.m */; };
		5A2945E1168532EC00B23A22 /* SenTestingKit.framework in Frameworks */ = {isa = PBXBuildFile; fileRef = 5A2945E0168532EC00B23A22 /* SenTestingKit.framework */; };
		5A2945E2168532EC00B23A22 /* UIKit.framework in Frameworks */ = {isa = PBXBuildFile; fileRef = 5A2945B9168532EC00B23A22 /* UIKit.framework */; };
		5A2945E3168532EC00B23A22 /* Foundation.framework in Frameworks */ = {isa = PBXBuildFile; fileRef = 5A2945BB168532EC00B23A22 /* Foundation.framework */; };
		5A2945EB168532ED00B23A22 /* InfoPlist.strings in Resources */ = {isa = PBXBuildFile; fileRef = 5A2945E9168532ED00B23A22 /* InfoPlist.strings */; };
		5A2945EE168532ED00B23A22 /* RestTestTests.m in Sources */ = {isa = PBXBuildFile; fileRef = 5A2945ED168532ED00B23A22 /* RestTestTests.m */; };
		5A294604168539AE00B23A22 /* TUPUser.m in Sources */ = {isa = PBXBuildFile; fileRef = 5A294603168539AE00B23A22 /* TUPUser.m */; };
		5A84F65A168671E30046AE0F /* TUPUserDetailController.m in Sources */ = {isa = PBXBuildFile; fileRef = 5A84F659168671E30046AE0F /* TUPUserDetailController.m */; };
		5AEDB26B1699C85100CD56D8 /* spinner.gif in Resources */ = {isa = PBXBuildFile; fileRef = 5AEDB26A1699C85100CD56D8 /* spinner.gif */; };
		5AEDB271169B2A2800CD56D8 /* place_holder.png in Resources */ = {isa = PBXBuildFile; fileRef = 5AEDB270169B2A2800CD56D8 /* place_holder.png */; };
		A805273DDB2148AD9CBB4532 /* libPods.a in Frameworks */ = {isa = PBXBuildFile; fileRef = E39413E6953B45408138002D /* libPods.a */; };
/* End PBXBuildFile section */

/* Begin PBXContainerItemProxy section */
		5A2945E4168532EC00B23A22 /* PBXContainerItemProxy */ = {
			isa = PBXContainerItemProxy;
			containerPortal = 5A2945AC168532EC00B23A22 /* Project object */;
			proxyType = 1;
			remoteGlobalIDString = 5A2945B4168532EC00B23A22;
			remoteInfo = RestTest;
		};
/* End PBXContainerItemProxy section */

/* Begin PBXFileReference section */
		4198878F4ED94004B3F89E9D /* Pods.xcconfig */ = {isa = PBXFileReference; includeInIndex = 1; lastKnownFileType = text.xcconfig; name = Pods.xcconfig; path = Pods/Pods.xcconfig; sourceTree = SOURCE_ROOT; };
		5A2945B5168532EC00B23A22 /* RestTest.app */ = {isa = PBXFileReference; explicitFileType = wrapper.application; includeInIndex = 0; path = RestTest.app; sourceTree = BUILT_PRODUCTS_DIR; };
		5A2945B9168532EC00B23A22 /* UIKit.framework */ = {isa = PBXFileReference; lastKnownFileType = wrapper.framework; name = UIKit.framework; path = System/Library/Frameworks/UIKit.framework; sourceTree = SDKROOT; };
		5A2945BB168532EC00B23A22 /* Foundation.framework */ = {isa = PBXFileReference; lastKnownFileType = wrapper.framework; name = Foundation.framework; path = System/Library/Frameworks/Foundation.framework; sourceTree = SDKROOT; };
		5A2945BD168532EC00B23A22 /* CoreGraphics.framework */ = {isa = PBXFileReference; lastKnownFileType = wrapper.framework; name = CoreGraphics.framework; path = System/Library/Frameworks/CoreGraphics.framework; sourceTree = SDKROOT; };
		5A2945C1168532EC00B23A22 /* RestTest-Info.plist */ = {isa = PBXFileReference; lastKnownFileType = text.plist.xml; path = "RestTest-Info.plist"; sourceTree = "<group>"; };
		5A2945C3168532EC00B23A22 /* en */ = {isa = PBXFileReference; lastKnownFileType = text.plist.strings; name = en; path = en.lproj/InfoPlist.strings; sourceTree = "<group>"; };
		5A2945C5168532EC00B23A22 /* main.m */ = {isa = PBXFileReference; lastKnownFileType = sourcecode.c.objc; path = main.m; sourceTree = "<group>"; };
		5A2945C7168532EC00B23A22 /* RestTest-Prefix.pch */ = {isa = PBXFileReference; lastKnownFileType = sourcecode.c.h; path = "RestTest-Prefix.pch"; sourceTree = "<group>"; };
		5A2945C8168532EC00B23A22 /* TUPAppDelegate.h */ = {isa = PBXFileReference; lastKnownFileType = sourcecode.c.h; path = TUPAppDelegate.h; sourceTree = "<group>"; };
		5A2945C9168532EC00B23A22 /* TUPAppDelegate.m */ = {isa = PBXFileReference; lastKnownFileType = sourcecode.c.objc; path = TUPAppDelegate.m; sourceTree = "<group>"; };
		5A2945CB168532EC00B23A22 /* Default.png */ = {isa = PBXFileReference; lastKnownFileType = image.png; path = Default.png; sourceTree = "<group>"; };
		5A2945CD168532EC00B23A22 /* Default@2x.png */ = {isa = PBXFileReference; lastKnownFileType = image.png; path = "Default@2x.png"; sourceTree = "<group>"; };
		5A2945CF168532EC00B23A22 /* Default-568h@2x.png */ = {isa = PBXFileReference; lastKnownFileType = image.png; path = "Default-568h@2x.png"; sourceTree = "<group>"; };
		5A2945D2168532EC00B23A22 /* en */ = {isa = PBXFileReference; lastKnownFileType = file.storyboard; name = en; path = en.lproj/MainStoryboard_iPhone.storyboard; sourceTree = "<group>"; };
		5A2945D5168532EC00B23A22 /* en */ = {isa = PBXFileReference; lastKnownFileType = file.storyboard; name = en; path = en.lproj/MainStoryboard_iPad.storyboard; sourceTree = "<group>"; };
		5A2945D7168532EC00B23A22 /* TUPViewController.h */ = {isa = PBXFileReference; lastKnownFileType = sourcecode.c.h; path = TUPViewController.h; sourceTree = "<group>"; };
		5A2945D8168532EC00B23A22 /* TUPViewController.m */ = {isa = PBXFileReference; lastKnownFileType = sourcecode.c.objc; path = TUPViewController.m; sourceTree = "<group>"; };
		5A2945DF168532EC00B23A22 /* RestTestTests.octest */ = {isa = PBXFileReference; explicitFileType = wrapper.cfbundle; includeInIndex = 0; path = RestTestTests.octest; sourceTree = BUILT_PRODUCTS_DIR; };
		5A2945E0168532EC00B23A22 /* SenTestingKit.framework */ = {isa = PBXFileReference; lastKnownFileType = wrapper.framework; name = SenTestingKit.framework; path = Library/Frameworks/SenTestingKit.framework; sourceTree = DEVELOPER_DIR; };
		5A2945E8168532ED00B23A22 /* RestTestTests-Info.plist */ = {isa = PBXFileReference; lastKnownFileType = text.plist.xml; path = "RestTestTests-Info.plist"; sourceTree = "<group>"; };
		5A2945EA168532ED00B23A22 /* en */ = {isa = PBXFileReference; lastKnownFileType = text.plist.strings; name = en; path = en.lproj/InfoPlist.strings; sourceTree = "<group>"; };
		5A2945EC168532ED00B23A22 /* RestTestTests.h */ = {isa = PBXFileReference; lastKnownFileType = sourcecode.c.h; path = RestTestTests.h; sourceTree = "<group>"; };
		5A2945ED168532ED00B23A22 /* RestTestTests.m */ = {isa = PBXFileReference; lastKnownFileType = sourcecode.c.objc; path = RestTestTests.m; sourceTree = "<group>"; };
		5A294602168539AE00B23A22 /* TUPUser.h */ = {isa = PBXFileReference; fileEncoding = 4; lastKnownFileType = sourcecode.c.h; path = TUPUser.h; sourceTree = "<group>"; };
		5A294603168539AE00B23A22 /* TUPUser.m */ = {isa = PBXFileReference; fileEncoding = 4; lastKnownFileType = sourcecode.c.objc; path = TUPUser.m; sourceTree = "<group>"; };
		5A84F658168671E30046AE0F /* TUPUserDetailController.h */ = {isa = PBXFileReference; fileEncoding = 4; lastKnownFileType = sourcecode.c.h; path = TUPUserDetailController.h; sourceTree = "<group>"; };
		5A84F659168671E30046AE0F /* TUPUserDetailController.m */ = {isa = PBXFileReference; fileEncoding = 4; lastKnownFileType = sourcecode.c.objc; path = TUPUserDetailController.m; sourceTree = "<group>"; };
		5AEDB26A1699C85100CD56D8 /* spinner.gif */ = {isa = PBXFileReference; lastKnownFileType = image.gif; path = spinner.gif; sourceTree = "<group>"; };
		5AEDB270169B2A2800CD56D8 /* place_holder.png */ = {isa = PBXFileReference; lastKnownFileType = image.png; path = place_holder.png; sourceTree = "<group>"; };
		E39413E6953B45408138002D /* libPods.a */ = {isa = PBXFileReference; explicitFileType = archive.ar; includeInIndex = 0; path = libPods.a; sourceTree = BUILT_PRODUCTS_DIR; };
/* End PBXFileReference section */

/* Begin PBXFrameworksBuildPhase section */
		5A2945B2168532EC00B23A22 /* Frameworks */ = {
			isa = PBXFrameworksBuildPhase;
			buildActionMask = 2147483647;
			files = (
				5A2945BA168532EC00B23A22 /* UIKit.framework in Frameworks */,
				5A2945BC168532EC00B23A22 /* Foundation.framework in Frameworks */,
				5A2945BE168532EC00B23A22 /* CoreGraphics.framework in Frameworks */,
				A805273DDB2148AD9CBB4532 /* libPods.a in Frameworks */,
			);
			runOnlyForDeploymentPostprocessing = 0;
		};
		5A2945DB168532EC00B23A22 /* Frameworks */ = {
			isa = PBXFrameworksBuildPhase;
			buildActionMask = 2147483647;
			files = (
				5A2945E1168532EC00B23A22 /* SenTestingKit.framework in Frameworks */,
				5A2945E2168532EC00B23A22 /* UIKit.framework in Frameworks */,
				5A2945E3168532EC00B23A22 /* Foundation.framework in Frameworks */,
			);
			runOnlyForDeploymentPostprocessing = 0;
		};
/* End PBXFrameworksBuildPhase section */

/* Begin PBXGroup section */
		5A2945AA168532EC00B23A22 = {
			isa = PBXGroup;
			children = (
				5A2945BF168532EC00B23A22 /* RestTest */,
				5A2945E6168532EC00B23A22 /* RestTestTests */,
				5A2945B8168532EC00B23A22 /* Frameworks */,
				5A2945B6168532EC00B23A22 /* Products */,
				4198878F4ED94004B3F89E9D /* Pods.xcconfig */,
			);
			sourceTree = "<group>";
		};
		5A2945B6168532EC00B23A22 /* Products */ = {
			isa = PBXGroup;
			children = (
				5A2945B5168532EC00B23A22 /* RestTest.app */,
				5A2945DF168532EC00B23A22 /* RestTestTests.octest */,
			);
			name = Products;
			sourceTree = "<group>";
		};
		5A2945B8168532EC00B23A22 /* Frameworks */ = {
			isa = PBXGroup;
			children = (
				5A2945B9168532EC00B23A22 /* UIKit.framework */,
				5A2945BB168532EC00B23A22 /* Foundation.framework */,
				5A2945BD168532EC00B23A22 /* CoreGraphics.framework */,
				5A2945E0168532EC00B23A22 /* SenTestingKit.framework */,
				E39413E6953B45408138002D /* libPods.a */,
			);
			name = Frameworks;
			sourceTree = "<group>";
		};
		5A2945BF168532EC00B23A22 /* RestTest */ = {
			isa = PBXGroup;
			children = (
				5A294602168539AE00B23A22 /* TUPUser.h */,
				5A294603168539AE00B23A22 /* TUPUser.m */,
				5A2945C8168532EC00B23A22 /* TUPAppDelegate.h */,
				5A2945C9168532EC00B23A22 /* TUPAppDelegate.m */,
				5A2945D1168532EC00B23A22 /* MainStoryboard_iPhone.storyboard */,
				5A84F658168671E30046AE0F /* TUPUserDetailController.h */,
				5A84F659168671E30046AE0F /* TUPUserDetailController.m */,
				5A2945D7168532EC00B23A22 /* TUPViewController.h */,
				5A2945D8168532EC00B23A22 /* TUPViewController.m */,
				5A2945C0168532EC00B23A22 /* Supporting Files */,
			);
			path = RestTest;
			sourceTree = "<group>";
		};
		5A2945C0168532EC00B23A22 /* Supporting Files */ = {
			isa = PBXGroup;
			children = (
				5AEDB270169B2A2800CD56D8 /* place_holder.png */,
				5AEDB26A1699C85100CD56D8 /* spinner.gif */,
				5A2945D4168532EC00B23A22 /* MainStoryboard_iPad.storyboard */,
				5A2945C1168532EC00B23A22 /* RestTest-Info.plist */,
				5A2945C2168532EC00B23A22 /* InfoPlist.strings */,
				5A2945C5168532EC00B23A22 /* main.m */,
				5A2945C7168532EC00B23A22 /* RestTest-Prefix.pch */,
				5A2945CB168532EC00B23A22 /* Default.png */,
				5A2945CD168532EC00B23A22 /* Default@2x.png */,
				5A2945CF168532EC00B23A22 /* Default-568h@2x.png */,
			);
			name = "Supporting Files";
			sourceTree = "<group>";
		};
		5A2945E6168532EC00B23A22 /* RestTestTests */ = {
			isa = PBXGroup;
			children = (
				5A2945EC168532ED00B23A22 /* RestTestTests.h */,
				5A2945ED168532ED00B23A22 /* RestTestTests.m */,
				5A2945E7168532ED00B23A22 /* Supporting Files */,
			);
			path = RestTestTests;
			sourceTree = "<group>";
		};
		5A2945E7168532ED00B23A22 /* Supporting Files */ = {
			isa = PBXGroup;
			children = (
				5A2945E8168532ED00B23A22 /* RestTestTests-Info.plist */,
				5A2945E9168532ED00B23A22 /* InfoPlist.strings */,
			);
			name = "Supporting Files";
			sourceTree = "<group>";
		};
/* End PBXGroup section */

/* Begin PBXNativeTarget section */
		5A2945B4168532EC00B23A22 /* RestTest */ = {
			isa = PBXNativeTarget;
			buildConfigurationList = 5A2945F1168532ED00B23A22 /* Build configuration list for PBXNativeTarget "RestTest" */;
			buildPhases = (
				5A2945B1168532EC00B23A22 /* Sources */,
				5A2945B2168532EC00B23A22 /* Frameworks */,
				5A2945B3168532EC00B23A22 /* Resources */,
				C977F6C6B08741B1B5D9BC3A /* Copy Pods Resources */,
			);
			buildRules = (
			);
			dependencies = (
			);
			name = RestTest;
			productName = RestTest;
			productReference = 5A2945B5168532EC00B23A22 /* RestTest.app */;
			productType = "com.apple.product-type.application";
		};
		5A2945DE168532EC00B23A22 /* RestTestTests */ = {
			isa = PBXNativeTarget;
			buildConfigurationList = 5A2945F4168532ED00B23A22 /* Build configuration list for PBXNativeTarget "RestTestTests" */;
			buildPhases = (
				5A2945DA168532EC00B23A22 /* Sources */,
				5A2945DB168532EC00B23A22 /* Frameworks */,
				5A2945DC168532EC00B23A22 /* Resources */,
				5A2945DD168532EC00B23A22 /* ShellScript */,
			);
			buildRules = (
			);
			dependencies = (
				5A2945E5168532EC00B23A22 /* PBXTargetDependency */,
			);
			name = RestTestTests;
			productName = RestTestTests;
			productReference = 5A2945DF168532EC00B23A22 /* RestTestTests.octest */;
			productType = "com.apple.product-type.bundle";
		};
/* End PBXNativeTarget section */

/* Begin PBXProject section */
		5A2945AC168532EC00B23A22 /* Project object */ = {
			isa = PBXProject;
			attributes = {
				CLASSPREFIX = TUP;
				LastUpgradeCheck = 0450;
				ORGANIZATIONNAME = Tuple23;
			};
			buildConfigurationList = 5A2945AF168532EC00B23A22 /* Build configuration list for PBXProject "RestTest" */;
			compatibilityVersion = "Xcode 3.2";
			developmentRegion = English;
			hasScannedForEncodings = 0;
			knownRegions = (
				en,
			);
			mainGroup = 5A2945AA168532EC00B23A22;
			productRefGroup = 5A2945B6168532EC00B23A22 /* Products */;
			projectDirPath = "";
			projectRoot = "";
			targets = (
				5A2945B4168532EC00B23A22 /* RestTest */,
				5A2945DE168532EC00B23A22 /* RestTestTests */,
			);
		};
/* End PBXProject section */

/* Begin PBXResourcesBuildPhase section */
		5A2945B3168532EC00B23A22 /* Resources */ = {
			isa = PBXResourcesBuildPhase;
			buildActionMask = 2147483647;
			files = (
				5A2945C4168532EC00B23A22 /* InfoPlist.strings in Resources */,
				5A2945CC168532EC00B23A22 /* Default.png in Resources */,
				5A2945CE168532EC00B23A22 /* Default@2x.png in Resources */,
				5A2945D0168532EC00B23A22 /* Default-568h@2x.png in Resources */,
				5A2945D3168532EC00B23A22 /* MainStoryboard_iPhone.storyboard in Resources */,
				5A2945D6168532EC00B23A22 /* MainStoryboard_iPad.storyboard in Resources */,
				5AEDB26B1699C85100CD56D8 /* spinner.gif in Resources */,
				5AEDB271169B2A2800CD56D8 /* place_holder.png in Resources */,
			);
			runOnlyForDeploymentPostprocessing = 0;
		};
		5A2945DC168532EC00B23A22 /* Resources */ = {
			isa = PBXResourcesBuildPhase;
			buildActionMask = 2147483647;
			files = (
				5A2945EB168532ED00B23A22 /* InfoPlist.strings in Resources */,
			);
			runOnlyForDeploymentPostprocessing = 0;
		};
/* End PBXResourcesBuildPhase section */

/* Begin PBXShellScriptBuildPhase section */
		5A2945DD168532EC00B23A22 /* ShellScript */ = {
			isa = PBXShellScriptBuildPhase;
			buildActionMask = 2147483647;
			files = (
			);
			inputPaths = (
			);
			outputPaths = (
			);
			runOnlyForDeploymentPostprocessing = 0;
			shellPath = /bin/sh;
			shellScript = "# Run the unit tests in this test bundle.\n\"${SYSTEM_DEVELOPER_DIR}/Tools/RunUnitTests\"\n";
		};
		C977F6C6B08741B1B5D9BC3A /* Copy Pods Resources */ = {
			isa = PBXShellScriptBuildPhase;
			buildActionMask = 2147483647;
			files = (
			);
			inputPaths = (
			);
			name = "Copy Pods Resources";
			outputPaths = (
			);
			runOnlyForDeploymentPostprocessing = 0;
			shellPath = /bin/sh;
			shellScript = "\"${SRCROOT}/Pods/Pods-resources.sh\"\n";
		};
/* End PBXShellScriptBuildPhase section */

/* Begin PBXSourcesBuildPhase section */
		5A2945B1168532EC00B23A22 /* Sources */ = {
			isa = PBXSourcesBuildPhase;
			buildActionMask = 2147483647;
			files = (
				5A2945C6168532EC00B23A22 /* main.m in Sources */,
				5A84F65A168671E30046AE0F /* TUPUserDetailController.m in Sources */,
				5A2945CA168532EC00B23A22 /* TUPAppDelegate.m in Sources */,
				5A2945D9168532EC00B23A22 /* TUPViewController.m in Sources */,
				5A294604168539AE00B23A22 /* TUPUser.m in Sources */,
			);
			runOnlyForDeploymentPostprocessing = 0;
		};
		5A2945DA168532EC00B23A22 /* Sources */ = {
			isa = PBXSourcesBuildPhase;
			buildActionMask = 2147483647;
			files = (
				5A2945EE168532ED00B23A22 /* RestTestTests.m in Sources */,
			);
			runOnlyForDeploymentPostprocessing = 0;
		};
/* End PBXSourcesBuildPhase section */

/* Begin PBXTargetDependency section */
		5A2945E5168532EC00B23A22 /* PBXTargetDependency */ = {
			isa = PBXTargetDependency;
			target = 5A2945B4168532EC00B23A22 /* RestTest */;
			targetProxy = 5A2945E4168532EC00B23A22 /* PBXContainerItemProxy */;
		};
/* End PBXTargetDependency section */

/* Begin PBXVariantGroup section */
		5A2945C2168532EC00B23A22 /* InfoPlist.strings */ = {
			isa = PBXVariantGroup;
			children = (
				5A2945C3168532EC00B23A22 /* en */,
			);
			name = InfoPlist.strings;
			sourceTree = "<group>";
		};
		5A2945D1168532EC00B23A22 /* MainStoryboard_iPhone.storyboard */ = {
			isa = PBXVariantGroup;
			children = (
				5A2945D2168532EC00B23A22 /* en */,
			);
			name = MainStoryboard_iPhone.storyboard;
			sourceTree = "<group>";
		};
		5A2945D4168532EC00B23A22 /* MainStoryboard_iPad.storyboard */ = {
			isa = PBXVariantGroup;
			children = (
				5A2945D5168532EC00B23A22 /* en */,
			);
			name = MainStoryboard_iPad.storyboard;
			sourceTree = "<group>";
		};
		5A2945E9168532ED00B23A22 /* InfoPlist.strings */ = {
			isa = PBXVariantGroup;
			children = (
				5A2945EA168532ED00B23A22 /* en */,
			);
			name = InfoPlist.strings;
			sourceTree = "<group>";
		};
/* End PBXVariantGroup section */

/* Begin XCBuildConfiguration section */
		5A2945EF168532ED00B23A22 /* Debug */ = {
			isa = XCBuildConfiguration;
			buildSettings = {
				ALWAYS_SEARCH_USER_PATHS = NO;
				CLANG_CXX_LANGUAGE_STANDARD = "gnu++0x";
				CLANG_CXX_LIBRARY = "libc++";
				CLANG_ENABLE_OBJC_ARC = YES;
				CLANG_WARN_EMPTY_BODY = YES;
				CLANG_WARN__DUPLICATE_METHOD_MATCH = YES;
				"CODE_SIGN_IDENTITY[sdk=iphoneos*]" = "iPhone Developer";
				COPY_PHASE_STRIP = NO;
				GCC_C_LANGUAGE_STANDARD = gnu99;
				GCC_DYNAMIC_NO_PIC = NO;
				GCC_OPTIMIZATION_LEVEL = 0;
				GCC_PREPROCESSOR_DEFINITIONS = (
					"DEBUG=1",
					"$(inherited)",
				);
				GCC_SYMBOLS_PRIVATE_EXTERN = NO;
				GCC_WARN_ABOUT_RETURN_TYPE = YES;
				GCC_WARN_UNINITIALIZED_AUTOS = YES;
				GCC_WARN_UNUSED_VARIABLE = YES;
				IPHONEOS_DEPLOYMENT_TARGET = 6.0;
				ONLY_ACTIVE_ARCH = YES;
				SDKROOT = iphoneos;
				TARGETED_DEVICE_FAMILY = "1,2";
			};
			name = Debug;
		};
		5A2945F0168532ED00B23A22 /* Release */ = {
			isa = XCBuildConfiguration;
			buildSettings = {
				ALWAYS_SEARCH_USER_PATHS = NO;
				CLANG_CXX_LANGUAGE_STANDARD = "gnu++0x";
				CLANG_CXX_LIBRARY = "libc++";
				CLANG_ENABLE_OBJC_ARC = YES;
				CLANG_WARN_EMPTY_BODY = YES;
				CLANG_WARN__DUPLICATE_METHOD_MATCH = YES;
				"CODE_SIGN_IDENTITY[sdk=iphoneos*]" = "iPhone Developer";
				COPY_PHASE_STRIP = YES;
				GCC_C_LANGUAGE_STANDARD = gnu99;
				GCC_WARN_ABOUT_RETURN_TYPE = YES;
				GCC_WARN_UNINITIALIZED_AUTOS = YES;
				GCC_WARN_UNUSED_VARIABLE = YES;
				IPHONEOS_DEPLOYMENT_TARGET = 6.0;
				OTHER_CFLAGS = "-DNS_BLOCK_ASSERTIONS=1";
				SDKROOT = iphoneos;
				TARGETED_DEVICE_FAMILY = "1,2";
				VALIDATE_PRODUCT = YES;
			};
			name = Release;
		};
		5A2945F2168532ED00B23A22 /* Debug */ = {
			isa = XCBuildConfiguration;
			baseConfigurationReference = 4198878F4ED94004B3F89E9D /* Pods.xcconfig */;
			buildSettings = {
				GCC_PRECOMPILE_PREFIX_HEADER = YES;
				GCC_PREFIX_HEADER = "RestTest/RestTest-Prefix.pch";
				INFOPLIST_FILE = "RestTest/RestTest-Info.plist";
				PRODUCT_NAME = "$(TARGET_NAME)";
				WRAPPER_EXTENSION = app;
			};
			name = Debug;
		};
		5A2945F3168532ED00B23A22 /* Release */ = {
			isa = XCBuildConfiguration;
			baseConfigurationReference = 4198878F4ED94004B3F89E9D /* Pods.xcconfig */;
			buildSettings = {
				GCC_PRECOMPILE_PREFIX_HEADER = YES;
				GCC_PREFIX_HEADER = "RestTest/RestTest-Prefix.pch";
				INFOPLIST_FILE = "RestTest/RestTest-Info.plist";
				PRODUCT_NAME = "$(TARGET_NAME)";
				WRAPPER_EXTENSION = app;
			};
			name = Release;
		};
		5A2945F5168532ED00B23A22 /* Debug */ = {
			isa = XCBuildConfiguration;
			buildSettings = {
				BUNDLE_LOADER = "$(BUILT_PRODUCTS_DIR)/RestTest.app/RestTest";
				FRAMEWORK_SEARCH_PATHS = (
					"\"$(SDKROOT)/Developer/Library/Frameworks\"",
					"\"$(DEVELOPER_LIBRARY_DIR)/Frameworks\"",
				);
				GCC_PRECOMPILE_PREFIX_HEADER = YES;
				GCC_PREFIX_HEADER = "RestTest/RestTest-Prefix.pch";
				INFOPLIST_FILE = "RestTestTests/RestTestTests-Info.plist";
				PRODUCT_NAME = "$(TARGET_NAME)";
				TEST_HOST = "$(BUNDLE_LOADER)";
				WRAPPER_EXTENSION = octest;
			};
			name = Debug;
		};
		5A2945F6168532ED00B23A22 /* Release */ = {
			isa = XCBuildConfiguration;
			buildSettings = {
				BUNDLE_LOADER = "$(BUILT_PRODUCTS_DIR)/RestTest.app/RestTest";
				FRAMEWORK_SEARCH_PATHS = (
					"\"$(SDKROOT)/Developer/Library/Frameworks\"",
					"\"$(DEVELOPER_LIBRARY_DIR)/Frameworks\"",
				);
				GCC_PRECOMPILE_PREFIX_HEADER = YES;
				GCC_PREFIX_HEADER = "RestTest/RestTest-Prefix.pch";
				INFOPLIST_FILE = "RestTestTests/RestTestTests-Info.plist";
				PRODUCT_NAME = "$(TARGET_NAME)";
				TEST_HOST = "$(BUNDLE_LOADER)";
				WRAPPER_EXTENSION = octest;
			};
			name = Release;
		};
/* End XCBuildConfiguration section */

/* Begin XCConfigurationList section */
		5A2945AF168532EC00B23A22 /* Build configuration list for PBXProject "RestTest" */ = {
			isa = XCConfigurationList;
			buildConfigurations = (
				5A2945EF168532ED00B23A22 /* Debug */,
				5A2945F0168532ED00B23A22 /* Release */,
			);
			defaultConfigurationIsVisible = 0;
			defaultConfigurationName = Release;
		};
		5A2945F1168532ED00B23A22 /* Build configuration list for PBXNativeTarget "RestTest" */ = {
			isa = XCConfigurationList;
			buildConfigurations = (
				5A2945F2168532ED00B23A22 /* Debug */,
				5A2945F3168532ED00B23A22 /* Release */,
			);
			defaultConfigurationIsVisible = 0;
			defaultConfigurationName = Release;
		};
		5A2945F4168532ED00B23A22 /* Build configuration list for PBXNativeTarget "RestTestTests" */ = {
			isa = XCConfigurationList;
			buildConfigurations = (
				5A2945F5168532ED00B23A22 /* Debug */,
				5A2945F6168532ED00B23A22 /* Release */,
			);
			defaultConfigurationIsVisible = 0;
			defaultConfigurationName = Release;
		};
/* End XCConfigurationList section */
	};
	rootObject = 5A2945AC168532EC00B23A22 /* Project object */;
}
